
Microsoft Visual Studio Solution File, Format Version 12.00
# Visual Studio Version 16
VisualStudioVersion = 16.0.31515.178
MinimumVisualStudioVersion = 10.0.40219.1
Project("{FAE04EC0-301F-11D3-BF4B-00C04F79EFBC}") = "FinancialControl.UWP", "FinantialControl.UWP\FinancialControl.UWP.csproj", "{96396732-3B3B-425B-A4F4-66AF07EF8445}"
EndProject
Project("{FAE04EC0-301F-11D3-BF4B-00C04F79EFBC}") = "FinancialControl.Android", "FinantialControl.Android\FinancialControl.Android.csproj", "{F5435C64-2A1E-450C-BF39-FF51B0D7FA72}"
EndProject
Project("{FAE04EC0-301F-11D3-BF4B-00C04F79EFBC}") = "FinancialControl.iOS", "FinantialControl.iOS\FinancialControl.iOS.csproj", "{FB1B3F16-257C-4069-8CF6-CF51BBF32343}"
EndProject
Project("{9A19103F-16F7-4668-BE54-9A1E7A4F7556}") = "FinancialControl", "FinantialControl\FinancialControl.csproj", "{E77854AD-32C8-43F2-A137-C93D89A6B352}"
EndProject
Project("{9A19103F-16F7-4668-BE54-9A1E7A4F7556}") = "ModelLayer", "ModelLayer\ModelLayer.csproj", "{5E7A17E4-30F9-4B64-BB89-835C0429023E}"
EndProject
Project("{2150E333-8FDC-42A3-9474-1A3956D46DE8}") = "Solution Items", "Solution Items", "{4797680A-2905-4D06-95DD-9CA2C4F03EB5}"
	ProjectSection(SolutionItems) = preProject
		.gitignore = .gitignore
	EndProjectSection
EndProject
Global
	GlobalSection(SolutionConfigurationPlatforms) = preSolution
		Debug|Any CPU = Debug|Any CPU
		Debug|ARM = Debug|ARM
		Debug|iPhone = Debug|iPhone
		Debug|iPhoneSimulator = Debug|iPhoneSimulator
		Debug|x64 = Debug|x64
		Debug|x86 = Debug|x86
		Release|Any CPU = Release|Any CPU
		Release|ARM = Release|ARM
		Release|iPhone = Release|iPhone
		Release|iPhoneSimulator = Release|iPhoneSimulator
		Release|x64 = Release|x64
		Release|x86 = Release|x86
	EndGlobalSection
	GlobalSection(ProjectConfigurationPlatforms) = postSolution
		{96396732-3B3B-425B-A4F4-66AF07EF8445}.Debug|Any CPU.ActiveCfg = Debug|x86
		{96396732-3B3B-425B-A4F4-66AF07EF8445}.Debug|Any CPU.Build.0 = Debug|x86
		{96396732-3B3B-425B-A4F4-66AF07EF8445}.Debug|Any CPU.Deploy.0 = Debug|x86
		{96396732-3B3B-425B-A4F4-66AF07EF8445}.Debug|ARM.ActiveCfg = Debug|ARM
		{96396732-3B3B-425B-A4F4-66AF07EF8445}.Debug|ARM.Build.0 = Debug|ARM
		{96396732-3B3B-425B-A4F4-66AF07EF8445}.Debug|ARM.Deploy.0 = Debug|ARM
		{96396732-3B3B-425B-A4F4-66AF07EF8445}.Debug|iPhone.ActiveCfg = Debug|x86
		{96396732-3B3B-425B-A4F4-66AF07EF8445}.Debug|iPhone.Build.0 = Debug|x86
		{96396732-3B3B-425B-A4F4-66AF07EF8445}.Debug|iPhone.Deploy.0 = Debug|x86
		{96396732-3B3B-425B-A4F4-66AF07EF8445}.Debug|iPhoneSimulator.ActiveCfg = Debug|x86
		{96396732-3B3B-425B-A4F4-66AF07EF8445}.Debug|iPhoneSimulator.Build.0 = Debug|x86
		{96396732-3B3B-425B-A4F4-66AF07EF8445}.Debug|iPhoneSimulator.Deploy.0 = Debug|x86
		{96396732-3B3B-425B-A4F4-66AF07EF8445}.Debug|x64.ActiveCfg = Debug|x64
		{96396732-3B3B-425B-A4F4-66AF07EF8445}.Debug|x64.Build.0 = Debug|x64
		{96396732-3B3B-425B-A4F4-66AF07EF8445}.Debug|x64.Deploy.0 = Debug|x64
		{96396732-3B3B-425B-A4F4-66AF07EF8445}.Debug|x86.ActiveCfg = Debug|x86
		{96396732-3B3B-425B-A4F4-66AF07EF8445}.Debug|x86.Build.0 = Debug|x86
		{96396732-3B3B-425B-A4F4-66AF07EF8445}.Debug|x86.Deploy.0 = Debug|x86
		{96396732-3B3B-425B-A4F4-66AF07EF8445}.Release|Any CPU.ActiveCfg = Release|x86
		{96396732-3B3B-425B-A4F4-66AF07EF8445}.Release|Any CPU.Build.0 = Release|x86
		{96396732-3B3B-425B-A4F4-66AF07EF8445}.Release|Any CPU.Deploy.0 = Release|x86
		{96396732-3B3B-425B-A4F4-66AF07EF8445}.Release|ARM.ActiveCfg = Release|ARM
		{96396732-3B3B-425B-A4F4-66AF07EF8445}.Release|ARM.Build.0 = Release|ARM
		{96396732-3B3B-425B-A4F4-66AF07EF8445}.Release|ARM.Deploy.0 = Release|ARM
		{96396732-3B3B-425B-A4F4-66AF07EF8445}.Release|iPhone.ActiveCfg = Release|x86
		{96396732-3B3B-425B-A4F4-66AF07EF8445}.Release|iPhone.Build.0 = Release|x86
		{96396732-3B3B-425B-A4F4-66AF07EF8445}.Release|iPhone.Deploy.0 = Release|x86
		{96396732-3B3B-425B-A4F4-66AF07EF8445}.Release|iPhoneSimulator.ActiveCfg = Release|x86
		{96396732-3B3B-425B-A4F4-66AF07EF8445}.Release|iPhoneSimulator.Build.0 = Release|x86
		{96396732-3B3B-425B-A4F4-66AF07EF8445}.Release|iPhoneSimulator.Deploy.0 = Release|x86
		{96396732-3B3B-425B-A4F4-66AF07EF8445}.Release|x64.ActiveCfg = Release|x64
		{96396732-3B3B-425B-A4F4-66AF07EF8445}.Release|x64.Build.0 = Release|x64
		{96396732-3B3B-425B-A4F4-66AF07EF8445}.Release|x64.Deploy.0 = Release|x64
		{96396732-3B3B-425B-A4F4-66AF07EF8445}.Release|x86.ActiveCfg = Release|x86
		{96396732-3B3B-425B-A4F4-66AF07EF8445}.Release|x86.Build.0 = Release|x86
		{96396732-3B3B-425B-A4F4-66AF07EF8445}.Release|x86.Deploy.0 = Release|x86
		{F5435C64-2A1E-450C-BF39-FF51B0D7FA72}.Debug|Any CPU.ActiveCfg = Debug|Any CPU
		{F5435C64-2A1E-450C-BF39-FF51B0D7FA72}.Debug|Any CPU.Build.0 = Debug|Any CPU
		{F5435C64-2A1E-450C-BF39-FF51B0D7FA72}.Debug|Any CPU.Deploy.0 = Debug|Any CPU
		{F5435C64-2A1E-450C-BF39-FF51B0D7FA72}.Debug|ARM.ActiveCfg = Debug|Any CPU
		{F5435C64-2A1E-450C-BF39-FF51B0D7FA72}.Debug|ARM.Build.0 = Debug|Any CPU
		{F5435C64-2A1E-450C-BF39-FF51B0D7FA72}.Debug|ARM.Deploy.0 = Debug|Any CPU
		{F5435C64-2A1E-450C-BF39-FF51B0D7FA72}.Debug|iPhone.ActiveCfg = Debug|Any CPU
		{F5435C64-2A1E-450C-BF39-FF51B0D7FA72}.Debug|iPhone.Build.0 = Debug|Any CPU
		{F5435C64-2A1E-450C-BF39-FF51B0D7FA72}.Debug|iPhone.Deploy.0 = Debug|Any CPU
		{F5435C64-2A1E-450C-BF39-FF51B0D7FA72}.Debug|iPhoneSimulator.ActiveCfg = Debug|Any CPU
		{F5435C64-2A1E-450C-BF39-FF51B0D7FA72}.Debug|iPhoneSimulator.Build.0 = Debug|Any CPU
		{F5435C64-2A1E-450C-BF39-FF51B0D7FA72}.Debug|iPhoneSimulator.Deploy.0 = Debug|Any CPU
		{F5435C64-2A1E-450C-BF39-FF51B0D7FA72}.Debug|x64.ActiveCfg = Debug|Any CPU
		{F5435C64-2A1E-450C-BF39-FF51B0D7FA72}.Debug|x64.Build.0 = Debug|Any CPU
		{F5435C64-2A1E-450C-BF39-FF51B0D7FA72}.Debug|x64.Deploy.0 = Debug|Any CPU
		{F5435C64-2A1E-450C-BF39-FF51B0D7FA72}.Debug|x86.ActiveCfg = Debug|Any CPU
		{F5435C64-2A1E-450C-BF39-FF51B0D7FA72}.Debug|x86.Build.0 = Debug|Any CPU
		{F5435C64-2A1E-450C-BF39-FF51B0D7FA72}.Debug|x86.Deploy.0 = Debug|Any CPU
		{F5435C64-2A1E-450C-BF39-FF51B0D7FA72}.Release|Any CPU.ActiveCfg = Release|Any CPU
		{F5435C64-2A1E-450C-BF39-FF51B0D7FA72}.Release|Any CPU.Build.0 = Release|Any CPU
		{F5435C64-2A1E-450C-BF39-FF51B0D7FA72}.Release|Any CPU.Deploy.0 = Release|Any CPU
		{F5435C64-2A1E-450C-BF39-FF51B0D7FA72}.Release|ARM.ActiveCfg = Release|Any CPU
		{F5435C64-2A1E-450C-BF39-FF51B0D7FA72}.Release|ARM.Build.0 = Release|Any CPU
		{F5435C64-2A1E-450C-BF39-FF51B0D7FA72}.Release|ARM.Deploy.0 = Release|Any CPU
		{F5435C64-2A1E-450C-BF39-FF51B0D7FA72}.Release|iPhone.ActiveCfg = Release|Any CPU
		{F5435C64-2A1E-450C-BF39-FF51B0D7FA72}.Release|iPhone.Build.0 = Release|Any CPU
		{F5435C64-2A1E-450C-BF39-FF51B0D7FA72}.Release|iPhone.Deploy.0 = Release|Any CPU
		{F5435C64-2A1E-450C-BF39-FF51B0D7FA72}.Release|iPhoneSimulator.ActiveCfg = Release|Any CPU
		{F5435C64-2A1E-450C-BF39-FF51B0D7FA72}.Release|iPhoneSimulator.Build.0 = Release|Any CPU
		{F5435C64-2A1E-450C-BF39-FF51B0D7FA72}.Release|iPhoneSimulator.Deploy.0 = Release|Any CPU
		{F5435C64-2A1E-450C-BF39-FF51B0D7FA72}.Release|x64.ActiveCfg = Release|Any CPU
		{F5435C64-2A1E-450C-BF39-FF51B0D7FA72}.Release|x64.Build.0 = Release|Any CPU
		{F5435C64-2A1E-450C-BF39-FF51B0D7FA72}.Release|x64.Deploy.0 = Release|Any CPU
		{F5435C64-2A1E-450C-BF39-FF51B0D7FA72}.Release|x86.ActiveCfg = Release|Any CPU
		{F5435C64-2A1E-450C-BF39-FF51B0D7FA72}.Release|x86.Build.0 = Release|Any CPU
		{F5435C64-2A1E-450C-BF39-FF51B0D7FA72}.Release|x86.Deploy.0 = Release|Any CPU
		{FB1B3F16-257C-4069-8CF6-CF51BBF32343}.Debug|Any CPU.ActiveCfg = Debug|iPhoneSimulator
		{FB1B3F16-257C-4069-8CF6-CF51BBF32343}.Debug|Any CPU.Build.0 = Debug|iPhoneSimulator
		{FB1B3F16-257C-4069-8CF6-CF51BBF32343}.Debug|Any CPU.Deploy.0 = Debug|iPhoneSimulator
		{FB1B3F16-257C-4069-8CF6-CF51BBF32343}.Debug|ARM.ActiveCfg = Debug|iPhone
		{FB1B3F16-257C-4069-8CF6-CF51BBF32343}.Debug|ARM.Build.0 = Debug|iPhone
		{FB1B3F16-257C-4069-8CF6-CF51BBF32343}.Debug|ARM.Deploy.0 = Debug|iPhone
		{FB1B3F16-257C-4069-8CF6-CF51BBF32343}.Debug|iPhone.ActiveCfg = Debug|iPhone
		{FB1B3F16-257C-4069-8CF6-CF51BBF32343}.Debug|iPhone.Build.0 = Debug|iPhone
		{FB1B3F16-257C-4069-8CF6-CF51BBF32343}.Debug|iPhone.Deploy.0 = Debug|iPhone
		{FB1B3F16-257C-4069-8CF6-CF51BBF32343}.Debug|iPhoneSimulator.ActiveCfg = Debug|iPhoneSimulator
		{FB1B3F16-257C-4069-8CF6-CF51BBF32343}.Debug|iPhoneSimulator.Build.0 = Debug|iPhoneSimulator
		{FB1B3F16-257C-4069-8CF6-CF51BBF32343}.Debug|iPhoneSimulator.Deploy.0 = Debug|iPhoneSimulator
		{FB1B3F16-257C-4069-8CF6-CF51BBF32343}.Debug|x64.ActiveCfg = Debug|iPhoneSimulator
		{FB1B3F16-257C-4069-8CF6-CF51BBF32343}.Debug|x64.Build.0 = Debug|iPhoneSimulator
		{FB1B3F16-257C-4069-8CF6-CF51BBF32343}.Debug|x64.Deploy.0 = Debug|iPhoneSimulator
		{FB1B3F16-257C-4069-8CF6-CF51BBF32343}.Debug|x86.ActiveCfg = Debug|iPhoneSimulator
		{FB1B3F16-257C-4069-8CF6-CF51BBF32343}.Debug|x86.Build.0 = Debug|iPhoneSimulator
		{FB1B3F16-257C-4069-8CF6-CF51BBF32343}.Debug|x86.Deploy.0 = Debug|iPhoneSimulator
		{FB1B3F16-257C-4069-8CF6-CF51BBF32343}.Release|Any CPU.ActiveCfg = Release|iPhoneSimulator
		{FB1B3F16-257C-4069-8CF6-CF51BBF32343}.Release|Any CPU.Build.0 = Release|iPhoneSimulator
		{FB1B3F16-257C-4069-8CF6-CF51BBF32343}.Release|Any CPU.Deploy.0 = Release|iPhoneSimulator
		{FB1B3F16-257C-4069-8CF6-CF51BBF32343}.Release|ARM.ActiveCfg = Release|iPhoneSimulator
		{FB1B3F16-257C-4069-8CF6-CF51BBF32343}.Release|ARM.Build.0 = Release|iPhoneSimulator
		{FB1B3F16-257C-4069-8CF6-CF51BBF32343}.Release|ARM.Deploy.0 = Release|iPhoneSimulator
		{FB1B3F16-257C-4069-8CF6-CF51BBF32343}.Release|iPhone.ActiveCfg = Release|iPhone
		{FB1B3F16-257C-4069-8CF6-CF51BBF32343}.Release|iPhone.Build.0 = Release|iPhone
		{FB1B3F16-257C-4069-8CF6-CF51BBF32343}.Release|iPhone.Deploy.0 = Release|iPhone
		{FB1B3F16-257C-4069-8CF6-CF51BBF32343}.Release|iPhoneSimulator.ActiveCfg = Release|iPhoneSimulator
		{FB1B3F16-257C-4069-8CF6-CF51BBF32343}.Release|iPhoneSimulator.Build.0 = Release|iPhoneSimulator
		{FB1B3F16-257C-4069-8CF6-CF51BBF32343}.Release|iPhoneSimulator.Deploy.0 = Release|iPhoneSimulator
		{FB1B3F16-257C-4069-8CF6-CF51BBF32343}.Release|x64.ActiveCfg = Release|iPhoneSimulator
		{FB1B3F16-257C-4069-8CF6-CF51BBF32343}.Release|x64.Build.0 = Release|iPhoneSimulator
		{FB1B3F16-257C-4069-8CF6-CF51BBF32343}.Release|x64.Deploy.0 = Release|iPhoneSimulator
		{FB1B3F16-257C-4069-8CF6-CF51BBF32343}.Release|x86.ActiveCfg = Release|iPhoneSimulator
		{FB1B3F16-257C-4069-8CF6-CF51BBF32343}.Release|x86.Build.0 = Release|iPhoneSimulator
		{FB1B3F16-257C-4069-8CF6-CF51BBF32343}.Release|x86.Deploy.0 = Release|iPhoneSimulator
		{E77854AD-32C8-43F2-A137-C93D89A6B352}.Debug|Any CPU.ActiveCfg = Debug|Any CPU
		{E77854AD-32C8-43F2-A137-C93D89A6B352}.Debug|Any CPU.Build.0 = Debug|Any CPU
		{E77854AD-32C8-43F2-A137-C93D89A6B352}.Debug|Any CPU.Deploy.0 = Debug|Any CPU
		{E77854AD-32C8-43F2-A137-C93D89A6B352}.Debug|ARM.ActiveCfg = Debug|Any CPU
		{E77854AD-32C8-43F2-A137-C93D89A6B352}.Debug|ARM.Build.0 = Debug|Any CPU
		{E77854AD-32C8-43F2-A137-C93D89A6B352}.Debug|ARM.Deploy.0 = Debug|Any CPU
		{E77854AD-32C8-43F2-A137-C93D89A6B352}.Debug|iPhone.ActiveCfg = Debug|Any CPU
		{E77854AD-32C8-43F2-A137-C93D89A6B352}.Debug|iPhone.Build.0 = Debug|Any CPU
		{E77854AD-32C8-43F2-A137-C93D89A6B352}.Debug|iPhone.Deploy.0 = Debug|Any CPU
		{E77854AD-32C8-43F2-A137-C93D89A6B352}.Debug|iPhoneSimulator.ActiveCfg = Debug|Any CPU
		{E77854AD-32C8-43F2-A137-C93D89A6B352}.Debug|iPhoneSimulator.Build.0 = Debug|Any CPU
		{E77854AD-32C8-43F2-A137-C93D89A6B352}.Debug|iPhoneSimulator.Deploy.0 = Debug|Any CPU
		{E77854AD-32C8-43F2-A137-C93D89A6B352}.Debug|x64.ActiveCfg = Debug|Any CPU
		{E77854AD-32C8-43F2-A137-C93D89A6B352}.Debug|x64.Build.0 = Debug|Any CPU
		{E77854AD-32C8-43F2-A137-C93D89A6B352}.Debug|x64.Deploy.0 = Debug|Any CPU
		{E77854AD-32C8-43F2-A137-C93D89A6B352}.Debug|x86.ActiveCfg = Debug|Any CPU
		{E77854AD-32C8-43F2-A137-C93D89A6B352}.Debug|x86.Build.0 = Debug|Any CPU
		{E77854AD-32C8-43F2-A137-C93D89A6B352}.Debug|x86.Deploy.0 = Debug|Any CPU
		{E77854AD-32C8-43F2-A137-C93D89A6B352}.Release|Any CPU.ActiveCfg = Release|Any CPU
		{E77854AD-32C8-43F2-A137-C93D89A6B352}.Release|Any CPU.Build.0 = Release|Any CPU
		{E77854AD-32C8-43F2-A137-C93D89A6B352}.Release|Any CPU.Deploy.0 = Release|Any CPU
		{E77854AD-32C8-43F2-A137-C93D89A6B352}.Release|ARM.ActiveCfg = Release|Any CPU
		{E77854AD-32C8-43F2-A137-C93D89A6B352}.Release|ARM.Build.0 = Release|Any CPU
		{E77854AD-32C8-43F2-A137-C93D89A6B352}.Release|ARM.Deploy.0 = Release|Any CPU
		{E77854AD-32C8-43F2-A137-C93D89A6B352}.Release|iPhone.ActiveCfg = Release|Any CPU
		{E77854AD-32C8-43F2-A137-C93D89A6B352}.Release|iPhone.Build.0 = Release|Any CPU
		{E77854AD-32C8-43F2-A137-C93D89A6B352}.Release|iPhone.Deploy.0 = Release|Any CPU
		{E77854AD-32C8-43F2-A137-C93D89A6B352}.Release|iPhoneSimulator.ActiveCfg = Release|Any CPU
		{E77854AD-32C8-43F2-A137-C93D89A6B352}.Release|iPhoneSimulator.Build.0 = Release|Any CPU
		{E77854AD-32C8-43F2-A137-C93D89A6B352}.Release|iPhoneSimulator.Deploy.0 = Release|Any CPU
		{E77854AD-32C8-43F2-A137-C93D89A6B352}.Release|x64.ActiveCfg = Release|Any CPU
		{E77854AD-32C8-43F2-A137-C93D89A6B352}.Release|x64.Build.0 = Release|Any CPU
		{E77854AD-32C8-43F2-A137-C93D89A6B352}.Release|x64.Deploy.0 = Release|Any CPU
		{E77854AD-32C8-43F2-A137-C93D89A6B352}.Release|x86.ActiveCfg = Release|Any CPU
		{E77854AD-32C8-43F2-A137-C93D89A6B352}.Release|x86.Build.0 = Release|Any CPU
		{E77854AD-32C8-43F2-A137-C93D89A6B352}.Release|x86.Deploy.0 = Release|Any CPU
		{5E7A17E4-30F9-4B64-BB89-835C0429023E}.Debug|Any CPU.ActiveCfg = Debug|Any CPU
		{5E7A17E4-30F9-4B64-BB89-835C0429023E}.Debug|Any CPU.Build.0 = Debug|Any CPU
		{5E7A17E4-30F9-4B64-BB89-835C0429023E}.Debug|ARM.ActiveCfg = Debug|Any CPU
		{5E7A17E4-30F9-4B64-BB89-835C0429023E}.Debug|ARM.Build.0 = Debug|Any CPU
		{5E7A17E4-30F9-4B64-BB89-835C0429023E}.Debug|iPhone.ActiveCfg = Debug|Any CPU
		{5E7A17E4-30F9-4B64-BB89-835C0429023E}.Debug|iPhone.Build.0 = Debug|Any CPU
		{5E7A17E4-30F9-4B64-BB89-835C0429023E}.Debug|iPhoneSimulator.ActiveCfg = Debug|Any CPU
		{5E7A17E4-30F9-4B64-BB89-835C0429023E}.Debug|iPhoneSimulator.Build.0 = Debug|Any CPU
		{5E7A17E4-30F9-4B64-BB89-835C0429023E}.Debug|x64.ActiveCfg = Debug|Any CPU
		{5E7A17E4-30F9-4B64-BB89-835C0429023E}.Debug|x64.Build.0 = Debug|Any CPU
		{5E7A17E4-30F9-4B64-BB89-835C0429023E}.Debug|x86.ActiveCfg = Debug|Any CPU
		{5E7A17E4-30F9-4B64-BB89-835C0429023E}.Debug|x86.Build.0 = Debug|Any CPU
		{5E7A17E4-30F9-4B64-BB89-835C0429023E}.Release|Any CPU.ActiveCfg = Release|Any CPU
		{5E7A17E4-30F9-4B64-BB89-835C0429023E}.Release|Any CPU.Build.0 = Release|Any CPU
		{5E7A17E4-30F9-4B64-BB89-835C0429023E}.Release|ARM.ActiveCfg = Release|Any CPU
		{5E7A17E4-30F9-4B64-BB89-835C0429023E}.Release|ARM.Build.0 = Release|Any CPU
		{5E7A17E4-30F9-4B64-BB89-835C0429023E}.Release|iPhone.ActiveCfg = Release|Any CPU
		{5E7A17E4-30F9-4B64-BB89-835C0429023E}.Release|iPhone.Build.0 = Release|Any CPU
		{5E7A17E4-30F9-4B64-BB89-835C0429023E}.Release|iPhoneSimulator.ActiveCfg = Release|Any CPU
		{5E7A17E4-30F9-4B64-BB89-835C0429023E}.Release|iPhoneSimulator.Build.0 = Release|Any CPU
		{5E7A17E4-30F9-4B64-BB89-835C0429023E}.Release|x64.ActiveCfg = Release|Any CPU
		{5E7A17E4-30F9-4B64-BB89-835C0429023E}.Release|x64.Build.0 = Release|Any CPU
		{5E7A17E4-30F9-4B64-BB89-835C0429023E}.Release|x86.ActiveCfg = Release|Any CPU
		{5E7A17E4-30F9-4B64-BB89-835C0429023E}.Release|x86.Build.0 = Release|Any CPU
	EndGlobalSection
	GlobalSection(SolutionProperties) = preSolution
		HideSolutionNode = FALSE
	EndGlobalSection
	GlobalSection(ExtensibilityGlobals) = postSolution
		SolutionGuid = {5A39C595-074D-4E2A-BE9D-900BA54D0E3F}
	EndGlobalSection
EndGlobal
